
Microsoft Visual Studio Solution File, Format Version 12.00
# Visual Studio Version 17
VisualStudioVersion = 17.8.34212.112
MinimumVisualStudioVersion = 10.0.40219.1
Project("{FAE04EC0-301F-11D3-BF4B-00C04F79EFBC}") = "AjaxNight", "AjaxNight\AjaxNight.csproj", "{BE172C71-85E4-42B8-AC3C-5585B95377BF}"
EndProject
Global
	GlobalSection(SolutionConfigurationPlatforms) = preSolution
		Debug|Any CPU = Debug|Any CPU
		Release|Any CPU = Release|Any CPU
	EndGlobalSection
	GlobalSection(ProjectConfigurationPlatforms) = postSolution
		{BE172C71-85E4-42B8-AC3C-5585B95377BF}.Debug|Any CPU.ActiveCfg = Debug|Any CPU
		{BE172C71-85E4-42B8-AC3C-5585B95377BF}.Debug|Any CPU.Build.0 = Debug|Any CPU
		{BE172C71-85E4-42B8-AC3C-5585B95377BF}.Release|Any CPU.ActiveCfg = Release|Any CPU
		{BE172C71-85E4-42B8-AC3C-5585B95377BF}.Release|Any CPU.Build.0 = Release|Any CPU
	EndGlobalSection
	GlobalSection(SolutionProperties) = preSolution
		HideSolutionNode = FALSE
	EndGlobalSection
	GlobalSection(ExtensibilityGlobals) = postSolution
		SolutionGuid = {A19E1BA9-5E44-4DD1-88BE-EAC80798C5EC}
	EndGlobalSection
EndGlobal
